// !$*UTF8*$!
{
	archiveVersion = 1;
	classes = {
	};
	objectVersion = 48;
	objects = {

/* Begin PBXBuildFile section */
		CF0CE3662002678E00000EE1 /* NSMutableAttributedString+Extension.swift in Sources */ = {isa = PBXBuildFile; fileRef = CF0CE3652002678E00000EE1 /* NSMutableAttributedString+Extension.swift */; };
		CF0CE3682002A9AB00000EE1 /* Format.swift in Sources */ = {isa = PBXBuildFile; fileRef = CF0CE3672002A9AB00000EE1 /* Format.swift */; };
		CF0CE36F2003EA5E00000EE1 /* LegalityView.swift in Sources */ = {isa = PBXBuildFile; fileRef = CF0CE36E2003EA5E00000EE1 /* LegalityView.swift */; };
		CF0CE3712003EA7200000EE1 /* LegalityView.xib in Resources */ = {isa = PBXBuildFile; fileRef = CF0CE3702003EA7200000EE1 /* LegalityView.xib */; };
		CF0CE3732003EDD100000EE1 /* LegalityTable.swift in Sources */ = {isa = PBXBuildFile; fileRef = CF0CE3722003EDD100000EE1 /* LegalityTable.swift */; };
		CF0CE3752004031B00000EE1 /* Legality.swift in Sources */ = {isa = PBXBuildFile; fileRef = CF0CE3742004031B00000EE1 /* Legality.swift */; };
		CF1FA22E20041EBF00E8DAEA /* QueryToken.swift in Sources */ = {isa = PBXBuildFile; fileRef = CF1FA22D20041EBF00E8DAEA /* QueryToken.swift */; };
		CF1FA2322004200100E8DAEA /* ColorSetToken.swift in Sources */ = {isa = PBXBuildFile; fileRef = CF1FA2312004200100E8DAEA /* ColorSetToken.swift */; };
		CF1FA2342004235A00E8DAEA /* Comparison.swift in Sources */ = {isa = PBXBuildFile; fileRef = CF1FA2332004235A00E8DAEA /* Comparison.swift */; };
		CF1FA23820042D3900E8DAEA /* ColorCountToken.swift in Sources */ = {isa = PBXBuildFile; fileRef = CF1FA23720042D3900E8DAEA /* ColorCountToken.swift */; };
		CF1FA23B20042D9800E8DAEA /* Color.swift in Sources */ = {isa = PBXBuildFile; fileRef = CF1FA23A20042D9800E8DAEA /* Color.swift */; };
		CF1FA23D200430CE00E8DAEA /* ColorIdentityToken.swift in Sources */ = {isa = PBXBuildFile; fileRef = CF1FA23C200430CE00E8DAEA /* ColorIdentityToken.swift */; };
		CF1FA23F2004322500E8DAEA /* TextSearchToken.swift in Sources */ = {isa = PBXBuildFile; fileRef = CF1FA23E2004322500E8DAEA /* TextSearchToken.swift */; };
		CF1FA2432004C62700E8DAEA /* CyclingLabel.swift in Sources */ = {isa = PBXBuildFile; fileRef = CF1FA2422004C62700E8DAEA /* CyclingLabel.swift */; };
		CF1FA24B200569D700E8DAEA /* CardPrintingHolder.swift in Sources */ = {isa = PBXBuildFile; fileRef = CF1FA24A200569D700E8DAEA /* CardPrintingHolder.swift */; };
		CFD05BC420001A4A00CDF9C2 /* AppDelegate.swift in Sources */ = {isa = PBXBuildFile; fileRef = CFD05BC320001A4A00CDF9C2 /* AppDelegate.swift */; };
		CFD05BC920001A4A00CDF9C2 /* Main.storyboard in Resources */ = {isa = PBXBuildFile; fileRef = CFD05BC720001A4A00CDF9C2 /* Main.storyboard */; };
		CFD05BCB20001A4A00CDF9C2 /* Assets.xcassets in Resources */ = {isa = PBXBuildFile; fileRef = CFD05BCA20001A4A00CDF9C2 /* Assets.xcassets */; };
		CFD05BCE20001A4A00CDF9C2 /* LaunchScreen.storyboard in Resources */ = {isa = PBXBuildFile; fileRef = CFD05BCC20001A4A00CDF9C2 /* LaunchScreen.storyboard */; };
		CFD05BD920001A4A00CDF9C2 /* ScryfallTests.swift in Sources */ = {isa = PBXBuildFile; fileRef = CFD05BD820001A4A00CDF9C2 /* ScryfallTests.swift */; };
		CFD05BED20002D9300CDF9C2 /* WebService.swift in Sources */ = {isa = PBXBuildFile; fileRef = CFD05BEC20002D9300CDF9C2 /* WebService.swift */; };
		CFD05BF720002E0200CDF9C2 /* RxRealm.framework in Frameworks */ = {isa = PBXBuildFile; fileRef = CFD05BEF20002E0200CDF9C2 /* RxRealm.framework */; };
		CFD05BF820002E0200CDF9C2 /* Action.framework in Frameworks */ = {isa = PBXBuildFile; fileRef = CFD05BF020002E0200CDF9C2 /* Action.framework */; };
		CFD05BF920002E0200CDF9C2 /* Realm.framework in Frameworks */ = {isa = PBXBuildFile; fileRef = CFD05BF120002E0200CDF9C2 /* Realm.framework */; };
		CFD05BFA20002E0200CDF9C2 /* RxCocoa.framework in Frameworks */ = {isa = PBXBuildFile; fileRef = CFD05BF220002E0200CDF9C2 /* RxCocoa.framework */; };
		CFD05BFB20002E0200CDF9C2 /* NSObject_Rx.framework in Frameworks */ = {isa = PBXBuildFile; fileRef = CFD05BF320002E0200CDF9C2 /* NSObject_Rx.framework */; };
		CFD05BFC20002E0200CDF9C2 /* RealmSwift.framework in Frameworks */ = {isa = PBXBuildFile; fileRef = CFD05BF420002E0200CDF9C2 /* RealmSwift.framework */; };
		CFD05BFD20002E0200CDF9C2 /* SwiftyJSON.framework in Frameworks */ = {isa = PBXBuildFile; fileRef = CFD05BF520002E0200CDF9C2 /* SwiftyJSON.framework */; };
		CFD05BFE20002E0200CDF9C2 /* RxSwift.framework in Frameworks */ = {isa = PBXBuildFile; fileRef = CFD05BF620002E0200CDF9C2 /* RxSwift.framework */; };
		CFD05C0020002F4B00CDF9C2 /* ScryfallServiceType.swift in Sources */ = {isa = PBXBuildFile; fileRef = CFD05BFF20002F4B00CDF9C2 /* ScryfallServiceType.swift */; };
		CFD05C0220002F5600CDF9C2 /* ScryfallService.swift in Sources */ = {isa = PBXBuildFile; fileRef = CFD05C0120002F5600CDF9C2 /* ScryfallService.swift */; };
		CFD05C0420002F7E00CDF9C2 /* Card.swift in Sources */ = {isa = PBXBuildFile; fileRef = CFD05C0320002F7E00CDF9C2 /* Card.swift */; };
		CFD05C062000317900CDF9C2 /* CardSearchViewModel.swift in Sources */ = {isa = PBXBuildFile; fileRef = CFD05C052000317900CDF9C2 /* CardSearchViewModel.swift */; };
		CFD05C082000336C00CDF9C2 /* CardSearchViewController.swift in Sources */ = {isa = PBXBuildFile; fileRef = CFD05C072000336C00CDF9C2 /* CardSearchViewController.swift */; };
		CFD05C0B20003CA700CDF9C2 /* SceneCoordinator.swift in Sources */ = {isa = PBXBuildFile; fileRef = CFD05C0A20003CA700CDF9C2 /* SceneCoordinator.swift */; };
		CFD05C0D20003CE900CDF9C2 /* Scene.swift in Sources */ = {isa = PBXBuildFile; fileRef = CFD05C0C20003CE900CDF9C2 /* Scene.swift */; };
		CFD05C0F20003D3900CDF9C2 /* SceneCoordinatorType.swift in Sources */ = {isa = PBXBuildFile; fileRef = CFD05C0E20003D3900CDF9C2 /* SceneCoordinatorType.swift */; };
		CFD05C1120003D6900CDF9C2 /* SceneTransitionType.swift in Sources */ = {isa = PBXBuildFile; fileRef = CFD05C1020003D6900CDF9C2 /* SceneTransitionType.swift */; };
		CFD05C1320003E5500CDF9C2 /* BindableType.swift in Sources */ = {isa = PBXBuildFile; fileRef = CFD05C1220003E5500CDF9C2 /* BindableType.swift */; };
		CFD05C1620003F8500CDF9C2 /* UISearchController+Rx.swift in Sources */ = {isa = PBXBuildFile; fileRef = CFD05C1520003F8500CDF9C2 /* UISearchController+Rx.swift */; };
		CFD05C182001144500CDF9C2 /* CardsList.swift in Sources */ = {isa = PBXBuildFile; fileRef = CFD05C172001144500CDF9C2 /* CardsList.swift */; };
		CFD05C1B200123E600CDF9C2 /* CardSearchCell.swift in Sources */ = {isa = PBXBuildFile; fileRef = CFD05C1A200123E600CDF9C2 /* CardSearchCell.swift */; };
		CFD05C1D2001246700CDF9C2 /* LoadingCell.swift in Sources */ = {isa = PBXBuildFile; fileRef = CFD05C1C2001246700CDF9C2 /* LoadingCell.swift */; };
		CFD05C20200136F900CDF9C2 /* Style.swift in Sources */ = {isa = PBXBuildFile; fileRef = CFD05C1F200136F900CDF9C2 /* Style.swift */; };
		CFD05C2220013BCF00CDF9C2 /* Rarity.swift in Sources */ = {isa = PBXBuildFile; fileRef = CFD05C2120013BCF00CDF9C2 /* Rarity.swift */; };
		CFD05C24200142F500CDF9C2 /* CardDetailsViewController.swift in Sources */ = {isa = PBXBuildFile; fileRef = CFD05C23200142F500CDF9C2 /* CardDetailsViewController.swift */; };
		CFD05C2620014C7600CDF9C2 /* CardDetailsViewModel.swift in Sources */ = {isa = PBXBuildFile; fileRef = CFD05C2520014C7600CDF9C2 /* CardDetailsViewModel.swift */; };
		CFD05C2820014C8400CDF9C2 /* CardFace.swift in Sources */ = {isa = PBXBuildFile; fileRef = CFD05C2720014C8400CDF9C2 /* CardFace.swift */; };
		CFD05C2A2001616500CDF9C2 /* CardImageHolder.swift in Sources */ = {isa = PBXBuildFile; fileRef = CFD05C292001616500CDF9C2 /* CardImageHolder.swift */; };
		CFD05C2C2001622C00CDF9C2 /* Layout.swift in Sources */ = {isa = PBXBuildFile; fileRef = CFD05C2B2001622C00CDF9C2 /* Layout.swift */; };
		CFD05C2E20016FA900CDF9C2 /* CardImageURIType.swift in Sources */ = {isa = PBXBuildFile; fileRef = CFD05C2D20016FA900CDF9C2 /* CardImageURIType.swift */; };
		CFD05C31200182B900CDF9C2 /* ImageCache.swift in Sources */ = {isa = PBXBuildFile; fileRef = CFD05C30200182B900CDF9C2 /* ImageCache.swift */; };
		CFD05C382002294100CDF9C2 /* CardDetailsHolder.swift in Sources */ = {isa = PBXBuildFile; fileRef = CFD05C372002294100CDF9C2 /* CardDetailsHolder.swift */; };
		CFD05C3A2002525900CDF9C2 /* UIColor+Extension.swift in Sources */ = {isa = PBXBuildFile; fileRef = CFD05C392002525900CDF9C2 /* UIColor+Extension.swift */; };
/* End PBXBuildFile section */

/* Begin PBXContainerItemProxy section */
		CFD05BD520001A4A00CDF9C2 /* PBXContainerItemProxy */ = {
			isa = PBXContainerItemProxy;
			containerPortal = CFD05BB820001A4A00CDF9C2 /* Project object */;
			proxyType = 1;
			remoteGlobalIDString = CFD05BBF20001A4A00CDF9C2;
			remoteInfo = Scryfall;
		};
/* End PBXContainerItemProxy section */

/* Begin PBXFileReference section */
		CF0CE3652002678E00000EE1 /* NSMutableAttributedString+Extension.swift */ = {isa = PBXFileReference; lastKnownFileType = sourcecode.swift; path = "NSMutableAttributedString+Extension.swift"; sourceTree = "<group>"; };
		CF0CE3672002A9AB00000EE1 /* Format.swift */ = {isa = PBXFileReference; lastKnownFileType = sourcecode.swift; path = Format.swift; sourceTree = "<group>"; };
		CF0CE36E2003EA5E00000EE1 /* LegalityView.swift */ = {isa = PBXFileReference; lastKnownFileType = sourcecode.swift; path = LegalityView.swift; sourceTree = "<group>"; };
		CF0CE3702003EA7200000EE1 /* LegalityView.xib */ = {isa = PBXFileReference; lastKnownFileType = file.xib; path = LegalityView.xib; sourceTree = "<group>"; };
		CF0CE3722003EDD100000EE1 /* LegalityTable.swift */ = {isa = PBXFileReference; lastKnownFileType = sourcecode.swift; path = LegalityTable.swift; sourceTree = "<group>"; };
		CF0CE3742004031B00000EE1 /* Legality.swift */ = {isa = PBXFileReference; lastKnownFileType = sourcecode.swift; path = Legality.swift; sourceTree = "<group>"; };
		CF1FA22D20041EBF00E8DAEA /* QueryToken.swift */ = {isa = PBXFileReference; lastKnownFileType = sourcecode.swift; path = QueryToken.swift; sourceTree = "<group>"; };
		CF1FA2312004200100E8DAEA /* ColorSetToken.swift */ = {isa = PBXFileReference; lastKnownFileType = sourcecode.swift; path = ColorSetToken.swift; sourceTree = "<group>"; };
		CF1FA2332004235A00E8DAEA /* Comparison.swift */ = {isa = PBXFileReference; lastKnownFileType = sourcecode.swift; path = Comparison.swift; sourceTree = "<group>"; };
		CF1FA23720042D3900E8DAEA /* ColorCountToken.swift */ = {isa = PBXFileReference; lastKnownFileType = sourcecode.swift; path = ColorCountToken.swift; sourceTree = "<group>"; };
		CF1FA23A20042D9800E8DAEA /* Color.swift */ = {isa = PBXFileReference; lastKnownFileType = sourcecode.swift; path = Color.swift; sourceTree = "<group>"; };
		CF1FA23C200430CE00E8DAEA /* ColorIdentityToken.swift */ = {isa = PBXFileReference; lastKnownFileType = sourcecode.swift; path = ColorIdentityToken.swift; sourceTree = "<group>"; };
		CF1FA23E2004322500E8DAEA /* TextSearchToken.swift */ = {isa = PBXFileReference; lastKnownFileType = sourcecode.swift; path = TextSearchToken.swift; sourceTree = "<group>"; };
		CF1FA2422004C62700E8DAEA /* CyclingLabel.swift */ = {isa = PBXFileReference; lastKnownFileType = sourcecode.swift; path = CyclingLabel.swift; sourceTree = "<group>"; };
		CF1FA24A200569D700E8DAEA /* CardPrintingHolder.swift */ = {isa = PBXFileReference; lastKnownFileType = sourcecode.swift; path = CardPrintingHolder.swift; sourceTree = "<group>"; };
		CFD05BC020001A4A00CDF9C2 /* Scryfall.app */ = {isa = PBXFileReference; explicitFileType = wrapper.application; includeInIndex = 0; path = Scryfall.app; sourceTree = BUILT_PRODUCTS_DIR; };
		CFD05BC320001A4A00CDF9C2 /* AppDelegate.swift */ = {isa = PBXFileReference; lastKnownFileType = sourcecode.swift; path = AppDelegate.swift; sourceTree = "<group>"; };
		CFD05BC820001A4A00CDF9C2 /* Base */ = {isa = PBXFileReference; lastKnownFileType = file.storyboard; name = Base; path = Base.lproj/Main.storyboard; sourceTree = "<group>"; };
		CFD05BCA20001A4A00CDF9C2 /* Assets.xcassets */ = {isa = PBXFileReference; lastKnownFileType = folder.assetcatalog; path = Assets.xcassets; sourceTree = "<group>"; };
		CFD05BCD20001A4A00CDF9C2 /* Base */ = {isa = PBXFileReference; lastKnownFileType = file.storyboard; name = Base; path = Base.lproj/LaunchScreen.storyboard; sourceTree = "<group>"; };
		CFD05BCF20001A4A00CDF9C2 /* Info.plist */ = {isa = PBXFileReference; lastKnownFileType = text.plist.xml; path = Info.plist; sourceTree = "<group>"; };
		CFD05BD420001A4A00CDF9C2 /* ScryfallTests.xctest */ = {isa = PBXFileReference; explicitFileType = wrapper.cfbundle; includeInIndex = 0; path = ScryfallTests.xctest; sourceTree = BUILT_PRODUCTS_DIR; };
		CFD05BD820001A4A00CDF9C2 /* ScryfallTests.swift */ = {isa = PBXFileReference; lastKnownFileType = sourcecode.swift; path = ScryfallTests.swift; sourceTree = "<group>"; };
		CFD05BDA20001A4A00CDF9C2 /* Info.plist */ = {isa = PBXFileReference; lastKnownFileType = text.plist.xml; path = Info.plist; sourceTree = "<group>"; };
		CFD05BEC20002D9300CDF9C2 /* WebService.swift */ = {isa = PBXFileReference; lastKnownFileType = sourcecode.swift; path = WebService.swift; sourceTree = "<group>"; };
		CFD05BEF20002E0200CDF9C2 /* RxRealm.framework */ = {isa = PBXFileReference; lastKnownFileType = wrapper.framework; name = RxRealm.framework; path = Carthage/Build/iOS/RxRealm.framework; sourceTree = "<group>"; };
		CFD05BF020002E0200CDF9C2 /* Action.framework */ = {isa = PBXFileReference; lastKnownFileType = wrapper.framework; name = Action.framework; path = Carthage/Build/iOS/Action.framework; sourceTree = "<group>"; };
		CFD05BF120002E0200CDF9C2 /* Realm.framework */ = {isa = PBXFileReference; lastKnownFileType = wrapper.framework; name = Realm.framework; path = Carthage/Build/iOS/Realm.framework; sourceTree = "<group>"; };
		CFD05BF220002E0200CDF9C2 /* RxCocoa.framework */ = {isa = PBXFileReference; lastKnownFileType = wrapper.framework; name = RxCocoa.framework; path = Carthage/Build/iOS/RxCocoa.framework; sourceTree = "<group>"; };
		CFD05BF320002E0200CDF9C2 /* NSObject_Rx.framework */ = {isa = PBXFileReference; lastKnownFileType = wrapper.framework; name = NSObject_Rx.framework; path = Carthage/Build/iOS/NSObject_Rx.framework; sourceTree = "<group>"; };
		CFD05BF420002E0200CDF9C2 /* RealmSwift.framework */ = {isa = PBXFileReference; lastKnownFileType = wrapper.framework; name = RealmSwift.framework; path = Carthage/Build/iOS/RealmSwift.framework; sourceTree = "<group>"; };
		CFD05BF520002E0200CDF9C2 /* SwiftyJSON.framework */ = {isa = PBXFileReference; lastKnownFileType = wrapper.framework; name = SwiftyJSON.framework; path = Carthage/Build/iOS/SwiftyJSON.framework; sourceTree = "<group>"; };
		CFD05BF620002E0200CDF9C2 /* RxSwift.framework */ = {isa = PBXFileReference; lastKnownFileType = wrapper.framework; name = RxSwift.framework; path = Carthage/Build/iOS/RxSwift.framework; sourceTree = "<group>"; };
		CFD05BFF20002F4B00CDF9C2 /* ScryfallServiceType.swift */ = {isa = PBXFileReference; lastKnownFileType = sourcecode.swift; path = ScryfallServiceType.swift; sourceTree = "<group>"; };
		CFD05C0120002F5600CDF9C2 /* ScryfallService.swift */ = {isa = PBXFileReference; lastKnownFileType = sourcecode.swift; path = ScryfallService.swift; sourceTree = "<group>"; };
		CFD05C0320002F7E00CDF9C2 /* Card.swift */ = {isa = PBXFileReference; lastKnownFileType = sourcecode.swift; path = Card.swift; sourceTree = "<group>"; };
		CFD05C052000317900CDF9C2 /* CardSearchViewModel.swift */ = {isa = PBXFileReference; lastKnownFileType = sourcecode.swift; path = CardSearchViewModel.swift; sourceTree = "<group>"; };
		CFD05C072000336C00CDF9C2 /* CardSearchViewController.swift */ = {isa = PBXFileReference; lastKnownFileType = sourcecode.swift; path = CardSearchViewController.swift; sourceTree = "<group>"; };
		CFD05C0A20003CA700CDF9C2 /* SceneCoordinator.swift */ = {isa = PBXFileReference; lastKnownFileType = sourcecode.swift; path = SceneCoordinator.swift; sourceTree = "<group>"; };
		CFD05C0C20003CE900CDF9C2 /* Scene.swift */ = {isa = PBXFileReference; lastKnownFileType = sourcecode.swift; path = Scene.swift; sourceTree = "<group>"; };
		CFD05C0E20003D3900CDF9C2 /* SceneCoordinatorType.swift */ = {isa = PBXFileReference; lastKnownFileType = sourcecode.swift; path = SceneCoordinatorType.swift; sourceTree = "<group>"; };
		CFD05C1020003D6900CDF9C2 /* SceneTransitionType.swift */ = {isa = PBXFileReference; lastKnownFileType = sourcecode.swift; path = SceneTransitionType.swift; sourceTree = "<group>"; };
		CFD05C1220003E5500CDF9C2 /* BindableType.swift */ = {isa = PBXFileReference; lastKnownFileType = sourcecode.swift; path = BindableType.swift; sourceTree = "<group>"; };
		CFD05C1520003F8500CDF9C2 /* UISearchController+Rx.swift */ = {isa = PBXFileReference; lastKnownFileType = sourcecode.swift; path = "UISearchController+Rx.swift"; sourceTree = "<group>"; };
		CFD05C172001144500CDF9C2 /* CardsList.swift */ = {isa = PBXFileReference; lastKnownFileType = sourcecode.swift; path = CardsList.swift; sourceTree = "<group>"; };
		CFD05C1A200123E600CDF9C2 /* CardSearchCell.swift */ = {isa = PBXFileReference; lastKnownFileType = sourcecode.swift; path = CardSearchCell.swift; sourceTree = "<group>"; };
		CFD05C1C2001246700CDF9C2 /* LoadingCell.swift */ = {isa = PBXFileReference; lastKnownFileType = sourcecode.swift; path = LoadingCell.swift; sourceTree = "<group>"; };
		CFD05C1F200136F900CDF9C2 /* Style.swift */ = {isa = PBXFileReference; lastKnownFileType = sourcecode.swift; path = Style.swift; sourceTree = "<group>"; };
		CFD05C2120013BCF00CDF9C2 /* Rarity.swift */ = {isa = PBXFileReference; lastKnownFileType = sourcecode.swift; path = Rarity.swift; sourceTree = "<group>"; };
		CFD05C23200142F500CDF9C2 /* CardDetailsViewController.swift */ = {isa = PBXFileReference; lastKnownFileType = sourcecode.swift; path = CardDetailsViewController.swift; sourceTree = "<group>"; };
		CFD05C2520014C7600CDF9C2 /* CardDetailsViewModel.swift */ = {isa = PBXFileReference; lastKnownFileType = sourcecode.swift; path = CardDetailsViewModel.swift; sourceTree = "<group>"; };
		CFD05C2720014C8400CDF9C2 /* CardFace.swift */ = {isa = PBXFileReference; lastKnownFileType = sourcecode.swift; path = CardFace.swift; sourceTree = "<group>"; };
		CFD05C292001616500CDF9C2 /* CardImageHolder.swift */ = {isa = PBXFileReference; lastKnownFileType = sourcecode.swift; path = CardImageHolder.swift; sourceTree = "<group>"; };
		CFD05C2B2001622C00CDF9C2 /* Layout.swift */ = {isa = PBXFileReference; lastKnownFileType = sourcecode.swift; path = Layout.swift; sourceTree = "<group>"; };
		CFD05C2D20016FA900CDF9C2 /* CardImageURIType.swift */ = {isa = PBXFileReference; lastKnownFileType = sourcecode.swift; path = CardImageURIType.swift; sourceTree = "<group>"; };
		CFD05C30200182B900CDF9C2 /* ImageCache.swift */ = {isa = PBXFileReference; lastKnownFileType = sourcecode.swift; path = ImageCache.swift; sourceTree = "<group>"; };
		CFD05C372002294100CDF9C2 /* CardDetailsHolder.swift */ = {isa = PBXFileReference; lastKnownFileType = sourcecode.swift; path = CardDetailsHolder.swift; sourceTree = "<group>"; };
		CFD05C392002525900CDF9C2 /* UIColor+Extension.swift */ = {isa = PBXFileReference; lastKnownFileType = sourcecode.swift; path = "UIColor+Extension.swift"; sourceTree = "<group>"; };
/* End PBXFileReference section */

/* Begin PBXFrameworksBuildPhase section */
		CFD05BBD20001A4A00CDF9C2 /* Frameworks */ = {
			isa = PBXFrameworksBuildPhase;
			buildActionMask = 2147483647;
			files = (
				CFD05BF720002E0200CDF9C2 /* RxRealm.framework in Frameworks */,
				CFD05BF820002E0200CDF9C2 /* Action.framework in Frameworks */,
				CFD05BF920002E0200CDF9C2 /* Realm.framework in Frameworks */,
				CFD05BFA20002E0200CDF9C2 /* RxCocoa.framework in Frameworks */,
				CFD05BFB20002E0200CDF9C2 /* NSObject_Rx.framework in Frameworks */,
				CFD05BFC20002E0200CDF9C2 /* RealmSwift.framework in Frameworks */,
				CFD05BFD20002E0200CDF9C2 /* SwiftyJSON.framework in Frameworks */,
				CFD05BFE20002E0200CDF9C2 /* RxSwift.framework in Frameworks */,
			);
			runOnlyForDeploymentPostprocessing = 0;
		};
		CFD05BD120001A4A00CDF9C2 /* Frameworks */ = {
			isa = PBXFrameworksBuildPhase;
			buildActionMask = 2147483647;
			files = (
			);
			runOnlyForDeploymentPostprocessing = 0;
		};
/* End PBXFrameworksBuildPhase section */

/* Begin PBXGroup section */
		CF0CE3642002675400000EE1 /* Extensions */ = {
			isa = PBXGroup;
			children = (
				CFD05C392002525900CDF9C2 /* UIColor+Extension.swift */,
				CF0CE3652002678E00000EE1 /* NSMutableAttributedString+Extension.swift */,
			);
			path = Extensions;
			sourceTree = "<group>";
		};
		CF0CE36D2003EA5000000EE1 /* Views */ = {
			isa = PBXGroup;
			children = (
				CFD05C292001616500CDF9C2 /* CardImageHolder.swift */,
				CFD05C372002294100CDF9C2 /* CardDetailsHolder.swift */,
				CF0CE36E2003EA5E00000EE1 /* LegalityView.swift */,
				CF0CE3702003EA7200000EE1 /* LegalityView.xib */,
				CF0CE3722003EDD100000EE1 /* LegalityTable.swift */,
				CF1FA2422004C62700E8DAEA /* CyclingLabel.swift */,
				CF1FA24A200569D700E8DAEA /* CardPrintingHolder.swift */,
			);
			path = Views;
			sourceTree = "<group>";
		};
		CF0CE37620041A6E00000EE1 /* Queries */ = {
			isa = PBXGroup;
			children = (
				CF1FA23920042D8000E8DAEA /* Constants */,
				CF1FA2352004298400E8DAEA /* Tokens */,
			);
			path = Queries;
			sourceTree = "<group>";
		};
		CF1FA2352004298400E8DAEA /* Tokens */ = {
			isa = PBXGroup;
			children = (
				CF1FA22D20041EBF00E8DAEA /* QueryToken.swift */,
				CF1FA2312004200100E8DAEA /* ColorSetToken.swift */,
				CF1FA23720042D3900E8DAEA /* ColorCountToken.swift */,
				CF1FA23C200430CE00E8DAEA /* ColorIdentityToken.swift */,
				CF1FA23E2004322500E8DAEA /* TextSearchToken.swift */,
			);
			path = Tokens;
			sourceTree = "<group>";
		};
		CF1FA23920042D8000E8DAEA /* Constants */ = {
			isa = PBXGroup;
			children = (
				CF1FA2332004235A00E8DAEA /* Comparison.swift */,
				CF1FA23A20042D9800E8DAEA /* Color.swift */,
			);
			path = Constants;
			sourceTree = "<group>";
		};
		CFD05BB720001A4A00CDF9C2 = {
			isa = PBXGroup;
			children = (
				CFD05BC220001A4A00CDF9C2 /* Scryfall */,
				CFD05BD720001A4A00CDF9C2 /* ScryfallTests */,
				CFD05BC120001A4A00CDF9C2 /* Products */,
				CFD05BEE20002E0100CDF9C2 /* Frameworks */,
			);
			sourceTree = "<group>";
		};
		CFD05BC120001A4A00CDF9C2 /* Products */ = {
			isa = PBXGroup;
			children = (
				CFD05BC020001A4A00CDF9C2 /* Scryfall.app */,
				CFD05BD420001A4A00CDF9C2 /* ScryfallTests.xctest */,
			);
			name = Products;
			sourceTree = "<group>";
		};
		CFD05BC220001A4A00CDF9C2 /* Scryfall */ = {
			isa = PBXGroup;
			children = (
				CFD05BE420001A9700CDF9C2 /* Resources */,
				CFD05BE320001A7900CDF9C2 /* Classes */,
				CFD05BCF20001A4A00CDF9C2 /* Info.plist */,
			);
			path = Scryfall;
			sourceTree = SOURCE_ROOT;
		};
		CFD05BD720001A4A00CDF9C2 /* ScryfallTests */ = {
			isa = PBXGroup;
			children = (
				CFD05BD820001A4A00CDF9C2 /* ScryfallTests.swift */,
				CFD05BDA20001A4A00CDF9C2 /* Info.plist */,
			);
			path = ScryfallTests;
			sourceTree = "<group>";
		};
		CFD05BE320001A7900CDF9C2 /* Classes */ = {
			isa = PBXGroup;
			children = (
				CF0CE36D2003EA5000000EE1 /* Views */,
				CF0CE3642002675400000EE1 /* Extensions */,
				CFD05C2F200182AE00CDF9C2 /* Cache */,
				CFD05C1E200136EE00CDF9C2 /* Style */,
				CFD05C192001237C00CDF9C2 /* Cells */,
				CFD05C1420003F5500CDF9C2 /* Rx */,
				CFD05C0920003C9A00CDF9C2 /* Navigation */,
				CFD05BEB2000270C00CDF9C2 /* ViewControllers */,
				CFD05BEA200026FB00CDF9C2 /* ViewModels */,
				CFD05BE9200024FC00CDF9C2 /* Service */,
				CFD05BE8200024E900CDF9C2 /* Model */,
				CFD05BC320001A4A00CDF9C2 /* AppDelegate.swift */,
			);
			path = Classes;
			sourceTree = "<group>";
		};
		CFD05BE420001A9700CDF9C2 /* Resources */ = {
			isa = PBXGroup;
			children = (
				CFD05BC720001A4A00CDF9C2 /* Main.storyboard */,
				CFD05BCA20001A4A00CDF9C2 /* Assets.xcassets */,
				CFD05BCC20001A4A00CDF9C2 /* LaunchScreen.storyboard */,
			);
			name = Resources;
			path = Scryfall/Resources;
			sourceTree = SOURCE_ROOT;
		};
		CFD05BE8200024E900CDF9C2 /* Model */ = {
			isa = PBXGroup;
			children = (
				CF0CE37620041A6E00000EE1 /* Queries */,
				CFD05C0320002F7E00CDF9C2 /* Card.swift */,
				CFD05C2720014C8400CDF9C2 /* CardFace.swift */,
				CFD05C2D20016FA900CDF9C2 /* CardImageURIType.swift */,
				CFD05C172001144500CDF9C2 /* CardsList.swift */,
				CFD05C1220003E5500CDF9C2 /* BindableType.swift */,
				CFD05C2120013BCF00CDF9C2 /* Rarity.swift */,
				CFD05C2B2001622C00CDF9C2 /* Layout.swift */,
				CF0CE3672002A9AB00000EE1 /* Format.swift */,
				CF0CE3742004031B00000EE1 /* Legality.swift */,
			);
			path = Model;
			sourceTree = "<group>";
		};
		CFD05BE9200024FC00CDF9C2 /* Service */ = {
			isa = PBXGroup;
			children = (
				CFD05BEC20002D9300CDF9C2 /* WebService.swift */,
				CFD05BFF20002F4B00CDF9C2 /* ScryfallServiceType.swift */,
				CFD05C0120002F5600CDF9C2 /* ScryfallService.swift */,
			);
			path = Service;
			sourceTree = "<group>";
		};
		CFD05BEA200026FB00CDF9C2 /* ViewModels */ = {
			isa = PBXGroup;
			children = (
				CFD05C052000317900CDF9C2 /* CardSearchViewModel.swift */,
				CFD05C2520014C7600CDF9C2 /* CardDetailsViewModel.swift */,
			);
			path = ViewModels;
			sourceTree = "<group>";
		};
		CFD05BEB2000270C00CDF9C2 /* ViewControllers */ = {
			isa = PBXGroup;
			children = (
				CFD05C072000336C00CDF9C2 /* CardSearchViewController.swift */,
				CFD05C23200142F500CDF9C2 /* CardDetailsViewController.swift */,
			);
			path = ViewControllers;
			sourceTree = "<group>";
		};
		CFD05BEE20002E0100CDF9C2 /* Frameworks */ = {
			isa = PBXGroup;
			children = (
				CFD05BF020002E0200CDF9C2 /* Action.framework */,
				CFD05BF320002E0200CDF9C2 /* NSObject_Rx.framework */,
				CFD05BF120002E0200CDF9C2 /* Realm.framework */,
				CFD05BF420002E0200CDF9C2 /* RealmSwift.framework */,
				CFD05BF220002E0200CDF9C2 /* RxCocoa.framework */,
				CFD05BEF20002E0200CDF9C2 /* RxRealm.framework */,
				CFD05BF620002E0200CDF9C2 /* RxSwift.framework */,
				CFD05BF520002E0200CDF9C2 /* SwiftyJSON.framework */,
			);
			name = Frameworks;
			sourceTree = "<group>";
		};
		CFD05C0920003C9A00CDF9C2 /* Navigation */ = {
			isa = PBXGroup;
			children = (
				CFD05C0A20003CA700CDF9C2 /* SceneCoordinator.swift */,
				CFD05C0C20003CE900CDF9C2 /* Scene.swift */,
				CFD05C0E20003D3900CDF9C2 /* SceneCoordinatorType.swift */,
				CFD05C1020003D6900CDF9C2 /* SceneTransitionType.swift */,
			);
			path = Navigation;
			sourceTree = "<group>";
		};
		CFD05C1420003F5500CDF9C2 /* Rx */ = {
			isa = PBXGroup;
			children = (
				CFD05C1520003F8500CDF9C2 /* UISearchController+Rx.swift */,
			);
			path = Rx;
			sourceTree = "<group>";
		};
		CFD05C192001237C00CDF9C2 /* Cells */ = {
			isa = PBXGroup;
			children = (
				CFD05C1A200123E600CDF9C2 /* CardSearchCell.swift */,
				CFD05C1C2001246700CDF9C2 /* LoadingCell.swift */,
			);
			path = Cells;
			sourceTree = "<group>";
		};
		CFD05C1E200136EE00CDF9C2 /* Style */ = {
			isa = PBXGroup;
			children = (
				CFD05C1F200136F900CDF9C2 /* Style.swift */,
			);
			path = Style;
			sourceTree = "<group>";
		};
		CFD05C2F200182AE00CDF9C2 /* Cache */ = {
			isa = PBXGroup;
			children = (
				CFD05C30200182B900CDF9C2 /* ImageCache.swift */,
			);
			path = Cache;
			sourceTree = "<group>";
		};
/* End PBXGroup section */

/* Begin PBXNativeTarget section */
		CFD05BBF20001A4A00CDF9C2 /* Scryfall */ = {
			isa = PBXNativeTarget;
			buildConfigurationList = CFD05BDD20001A4A00CDF9C2 /* Build configuration list for PBXNativeTarget "Scryfall" */;
			buildPhases = (
				CFD05BE52000207500CDF9C2 /* ShellScript */,
				CFD05BBC20001A4A00CDF9C2 /* Sources */,
				CFD05BBD20001A4A00CDF9C2 /* Frameworks */,
				CFD05BBE20001A4A00CDF9C2 /* Resources */,
				CFD05BE62000209100CDF9C2 /* ShellScript */,
			);
			buildRules = (
			);
			dependencies = (
			);
			name = Scryfall;
			productName = Scryfall;
			productReference = CFD05BC020001A4A00CDF9C2 /* Scryfall.app */;
			productType = "com.apple.product-type.application";
		};
		CFD05BD320001A4A00CDF9C2 /* ScryfallTests */ = {
			isa = PBXNativeTarget;
			buildConfigurationList = CFD05BE020001A4A00CDF9C2 /* Build configuration list for PBXNativeTarget "ScryfallTests" */;
			buildPhases = (
				CFD05BD020001A4A00CDF9C2 /* Sources */,
				CFD05BD120001A4A00CDF9C2 /* Frameworks */,
				CFD05BD220001A4A00CDF9C2 /* Resources */,
			);
			buildRules = (
			);
			dependencies = (
				CFD05BD620001A4A00CDF9C2 /* PBXTargetDependency */,
			);
			name = ScryfallTests;
			productName = ScryfallTests;
			productReference = CFD05BD420001A4A00CDF9C2 /* ScryfallTests.xctest */;
			productType = "com.apple.product-type.bundle.unit-test";
		};
/* End PBXNativeTarget section */

/* Begin PBXProject section */
		CFD05BB820001A4A00CDF9C2 /* Project object */ = {
			isa = PBXProject;
			attributes = {
				LastSwiftUpdateCheck = 0920;
				LastUpgradeCheck = 0920;
				ORGANIZATIONNAME = "Alexander Rogachev";
				TargetAttributes = {
					CFD05BBF20001A4A00CDF9C2 = {
						CreatedOnToolsVersion = 9.2;
						ProvisioningStyle = Automatic;
					};
					CFD05BD320001A4A00CDF9C2 = {
						CreatedOnToolsVersion = 9.2;
						ProvisioningStyle = Automatic;
						TestTargetID = CFD05BBF20001A4A00CDF9C2;
					};
				};
			};
			buildConfigurationList = CFD05BBB20001A4A00CDF9C2 /* Build configuration list for PBXProject "Scryfall" */;
			compatibilityVersion = "Xcode 8.0";
			developmentRegion = en;
			hasScannedForEncodings = 0;
			knownRegions = (
				en,
				Base,
			);
			mainGroup = CFD05BB720001A4A00CDF9C2;
			productRefGroup = CFD05BC120001A4A00CDF9C2 /* Products */;
			projectDirPath = "";
			projectRoot = "";
			targets = (
				CFD05BBF20001A4A00CDF9C2 /* Scryfall */,
				CFD05BD320001A4A00CDF9C2 /* ScryfallTests */,
			);
		};
/* End PBXProject section */

/* Begin PBXResourcesBuildPhase section */
		CFD05BBE20001A4A00CDF9C2 /* Resources */ = {
			isa = PBXResourcesBuildPhase;
			buildActionMask = 2147483647;
			files = (
				CFD05BCE20001A4A00CDF9C2 /* LaunchScreen.storyboard in Resources */,
				CFD05BCB20001A4A00CDF9C2 /* Assets.xcassets in Resources */,
				CFD05BC920001A4A00CDF9C2 /* Main.storyboard in Resources */,
				CF0CE3712003EA7200000EE1 /* LegalityView.xib in Resources */,
			);
			runOnlyForDeploymentPostprocessing = 0;
		};
		CFD05BD220001A4A00CDF9C2 /* Resources */ = {
			isa = PBXResourcesBuildPhase;
			buildActionMask = 2147483647;
			files = (
			);
			runOnlyForDeploymentPostprocessing = 0;
		};
/* End PBXResourcesBuildPhase section */

/* Begin PBXShellScriptBuildPhase section */
		CFD05BE52000207500CDF9C2 /* ShellScript */ = {
			isa = PBXShellScriptBuildPhase;
			buildActionMask = 2147483647;
			files = (
			);
			inputPaths = (
			);
			outputPaths = (
			);
			runOnlyForDeploymentPostprocessing = 0;
			shellPath = /bin/sh;
			shellScript = "set -x\n/usr/local/bin/carthage build --cache-builds --platform iOS";
		};
		CFD05BE62000209100CDF9C2 /* ShellScript */ = {
			isa = PBXShellScriptBuildPhase;
			buildActionMask = 2147483647;
			files = (
			);
			inputPaths = (
				"$(SRCROOT)/Carthage/Build/iOS/SwiftyJSON.framework",
				"$(SRCROOT)/Carthage/Build/iOS/Realm.framework",
				"$(SRCROOT)/Carthage/Build/iOS/RealmSwift.framework",
				"$(SRCROOT)/Carthage/Build/iOS/Action.framework",
				"$(SRCROOT)/Carthage/Build/iOS/NSObject_Rx.framework",
				"$(SRCROOT)/Carthage/Build/iOS/RxSwift.framework",
				"$(SRCROOT)/Carthage/Build/iOS/RxRealm.framework",
				"$(SRCROOT)/Carthage/Build/iOS/RxCocoa.framework",
			);
			outputPaths = (
				"$(BUILT_PRODUCTS_DIR)/$(FRAMEWORKS_FOLDER_PATH)/SwiftyJSON.framework",
				"$(BUILT_PRODUCTS_DIR)/$(FRAMEWORKS_FOLDER_PATH)/Realm.framework",
				"$(BUILT_PRODUCTS_DIR)/$(FRAMEWORKS_FOLDER_PATH)/RealmSwift.framework",
				"$(BUILT_PRODUCTS_DIR)/$(FRAMEWORKS_FOLDER_PATH)/Action.framework",
				"$(BUILT_PRODUCTS_DIR)/$(FRAMEWORKS_FOLDER_PATH)/NSObject_Rx.framework",
				"$(BUILT_PRODUCTS_DIR)/$(FRAMEWORKS_FOLDER_PATH)/RxSwift.framework",
				"$(BUILT_PRODUCTS_DIR)/$(FRAMEWORKS_FOLDER_PATH)/RxRealm.framework",
				"$(BUILT_PRODUCTS_DIR)/$(FRAMEWORKS_FOLDER_PATH)/RxCocoa.framework",
			);
			runOnlyForDeploymentPostprocessing = 0;
			shellPath = /bin/sh;
			shellScript = "/usr/local/bin/carthage copy-frameworks";
		};
/* End PBXShellScriptBuildPhase section */

/* Begin PBXSourcesBuildPhase section */
		CFD05BBC20001A4A00CDF9C2 /* Sources */ = {
			isa = PBXSourcesBuildPhase;
			buildActionMask = 2147483647;
			files = (
				CFD05C062000317900CDF9C2 /* CardSearchViewModel.swift in Sources */,
				CFD05C2620014C7600CDF9C2 /* CardDetailsViewModel.swift in Sources */,
				CFD05C24200142F500CDF9C2 /* CardDetailsViewController.swift in Sources */,
				CF1FA23F2004322500E8DAEA /* TextSearchToken.swift in Sources */,
				CF0CE36F2003EA5E00000EE1 /* LegalityView.swift in Sources */,
				CF0CE3752004031B00000EE1 /* Legality.swift in Sources */,
				CFD05C3A2002525900CDF9C2 /* UIColor+Extension.swift in Sources */,
				CFD05BED20002D9300CDF9C2 /* WebService.swift in Sources */,
				CFD05C382002294100CDF9C2 /* CardDetailsHolder.swift in Sources */,
				CFD05C0220002F5600CDF9C2 /* ScryfallService.swift in Sources */,
				CFD05C2C2001622C00CDF9C2 /* Layout.swift in Sources */,
				CF1FA23B20042D9800E8DAEA /* Color.swift in Sources */,
				CF1FA2322004200100E8DAEA /* ColorSetToken.swift in Sources */,
				CF1FA2432004C62700E8DAEA /* CyclingLabel.swift in Sources */,
				CFD05C2820014C8400CDF9C2 /* CardFace.swift in Sources */,
				CFD05C1120003D6900CDF9C2 /* SceneTransitionType.swift in Sources */,
				CFD05C1320003E5500CDF9C2 /* BindableType.swift in Sources */,
				CFD05C082000336C00CDF9C2 /* CardSearchViewController.swift in Sources */,
				CFD05C31200182B900CDF9C2 /* ImageCache.swift in Sources */,
				CF0CE3682002A9AB00000EE1 /* Format.swift in Sources */,
				CFD05C0420002F7E00CDF9C2 /* Card.swift in Sources */,
				CFD05C0B20003CA700CDF9C2 /* SceneCoordinator.swift in Sources */,
				CF0CE3732003EDD100000EE1 /* LegalityTable.swift in Sources */,
				CFD05C0020002F4B00CDF9C2 /* ScryfallServiceType.swift in Sources */,
				CFD05C1B200123E600CDF9C2 /* CardSearchCell.swift in Sources */,
				CFD05C1D2001246700CDF9C2 /* LoadingCell.swift in Sources */,
				CF0CE3662002678E00000EE1 /* NSMutableAttributedString+Extension.swift in Sources */,
				CFD05C2E20016FA900CDF9C2 /* CardImageURIType.swift in Sources */,
				CFD05C0F20003D3900CDF9C2 /* SceneCoordinatorType.swift in Sources */,
				CFD05C2220013BCF00CDF9C2 /* Rarity.swift in Sources */,
				CF1FA22E20041EBF00E8DAEA /* QueryToken.swift in Sources */,
				CFD05C1620003F8500CDF9C2 /* UISearchController+Rx.swift in Sources */,
				CFD05C182001144500CDF9C2 /* CardsList.swift in Sources */,
				CF1FA24B200569D700E8DAEA /* CardPrintingHolder.swift in Sources */,
				CFD05C20200136F900CDF9C2 /* Style.swift in Sources */,
				CFD05C2A2001616500CDF9C2 /* CardImageHolder.swift in Sources */,
				CFD05BC420001A4A00CDF9C2 /* AppDelegate.swift in Sources */,
				CF1FA23820042D3900E8DAEA /* ColorCountToken.swift in Sources */,
				CF1FA2342004235A00E8DAEA /* Comparison.swift in Sources */,
				CFD05C0D20003CE900CDF9C2 /* Scene.swift in Sources */,
				CF1FA23D200430CE00E8DAEA /* ColorIdentityToken.swift in Sources */,
			);
			runOnlyForDeploymentPostprocessing = 0;
		};
		CFD05BD020001A4A00CDF9C2 /* Sources */ = {
			isa = PBXSourcesBuildPhase;
			buildActionMask = 2147483647;
			files = (
				CFD05BD920001A4A00CDF9C2 /* ScryfallTests.swift in Sources */,
			);
			runOnlyForDeploymentPostprocessing = 0;
		};
/* End PBXSourcesBuildPhase section */

/* Begin PBXTargetDependency section */
		CFD05BD620001A4A00CDF9C2 /* PBXTargetDependency */ = {
			isa = PBXTargetDependency;
			target = CFD05BBF20001A4A00CDF9C2 /* Scryfall */;
			targetProxy = CFD05BD520001A4A00CDF9C2 /* PBXContainerItemProxy */;
		};
/* End PBXTargetDependency section */

/* Begin PBXVariantGroup section */
		CFD05BC720001A4A00CDF9C2 /* Main.storyboard */ = {
			isa = PBXVariantGroup;
			children = (
				CFD05BC820001A4A00CDF9C2 /* Base */,
			);
			name = Main.storyboard;
			sourceTree = "<group>";
		};
		CFD05BCC20001A4A00CDF9C2 /* LaunchScreen.storyboard */ = {
			isa = PBXVariantGroup;
			children = (
				CFD05BCD20001A4A00CDF9C2 /* Base */,
			);
			name = LaunchScreen.storyboard;
			sourceTree = "<group>";
		};
/* End PBXVariantGroup section */

/* Begin XCBuildConfiguration section */
		CFD05BDB20001A4A00CDF9C2 /* Debug */ = {
			isa = XCBuildConfiguration;
			buildSettings = {
				ALWAYS_SEARCH_USER_PATHS = NO;
				CLANG_ANALYZER_NONNULL = YES;
				CLANG_ANALYZER_NUMBER_OBJECT_CONVERSION = YES_AGGRESSIVE;
				CLANG_CXX_LANGUAGE_STANDARD = "gnu++14";
				CLANG_CXX_LIBRARY = "libc++";
				CLANG_ENABLE_MODULES = YES;
				CLANG_ENABLE_OBJC_ARC = YES;
				CLANG_WARN_BLOCK_CAPTURE_AUTORELEASING = YES;
				CLANG_WARN_BOOL_CONVERSION = YES;
				CLANG_WARN_COMMA = YES;
				CLANG_WARN_CONSTANT_CONVERSION = YES;
				CLANG_WARN_DIRECT_OBJC_ISA_USAGE = YES_ERROR;
				CLANG_WARN_DOCUMENTATION_COMMENTS = YES;
				CLANG_WARN_EMPTY_BODY = YES;
				CLANG_WARN_ENUM_CONVERSION = YES;
				CLANG_WARN_INFINITE_RECURSION = YES;
				CLANG_WARN_INT_CONVERSION = YES;
				CLANG_WARN_NON_LITERAL_NULL_CONVERSION = YES;
				CLANG_WARN_OBJC_LITERAL_CONVERSION = YES;
				CLANG_WARN_OBJC_ROOT_CLASS = YES_ERROR;
				CLANG_WARN_RANGE_LOOP_ANALYSIS = YES;
				CLANG_WARN_STRICT_PROTOTYPES = YES;
				CLANG_WARN_SUSPICIOUS_MOVE = YES;
				CLANG_WARN_UNGUARDED_AVAILABILITY = YES_AGGRESSIVE;
				CLANG_WARN_UNREACHABLE_CODE = YES;
				CLANG_WARN__DUPLICATE_METHOD_MATCH = YES;
				CODE_SIGN_IDENTITY = "iPhone Developer";
				COPY_PHASE_STRIP = NO;
				DEBUG_INFORMATION_FORMAT = dwarf;
				ENABLE_STRICT_OBJC_MSGSEND = YES;
				ENABLE_TESTABILITY = YES;
				GCC_C_LANGUAGE_STANDARD = gnu11;
				GCC_DYNAMIC_NO_PIC = NO;
				GCC_NO_COMMON_BLOCKS = YES;
				GCC_OPTIMIZATION_LEVEL = 0;
				GCC_PREPROCESSOR_DEFINITIONS = (
					"DEBUG=1",
					"$(inherited)",
				);
				GCC_WARN_64_TO_32_BIT_CONVERSION = YES;
				GCC_WARN_ABOUT_RETURN_TYPE = YES_ERROR;
				GCC_WARN_UNDECLARED_SELECTOR = YES;
				GCC_WARN_UNINITIALIZED_AUTOS = YES_AGGRESSIVE;
				GCC_WARN_UNUSED_FUNCTION = YES;
				GCC_WARN_UNUSED_VARIABLE = YES;
				IPHONEOS_DEPLOYMENT_TARGET = 11.2;
				MTL_ENABLE_DEBUG_INFO = YES;
				ONLY_ACTIVE_ARCH = YES;
				SDKROOT = iphoneos;
				SWIFT_ACTIVE_COMPILATION_CONDITIONS = DEBUG;
				SWIFT_OPTIMIZATION_LEVEL = "-Onone";
			};
			name = Debug;
		};
		CFD05BDC20001A4A00CDF9C2 /* Release */ = {
			isa = XCBuildConfiguration;
			buildSettings = {
				ALWAYS_SEARCH_USER_PATHS = NO;
				CLANG_ANALYZER_NONNULL = YES;
				CLANG_ANALYZER_NUMBER_OBJECT_CONVERSION = YES_AGGRESSIVE;
				CLANG_CXX_LANGUAGE_STANDARD = "gnu++14";
				CLANG_CXX_LIBRARY = "libc++";
				CLANG_ENABLE_MODULES = YES;
				CLANG_ENABLE_OBJC_ARC = YES;
				CLANG_WARN_BLOCK_CAPTURE_AUTORELEASING = YES;
				CLANG_WARN_BOOL_CONVERSION = YES;
				CLANG_WARN_COMMA = YES;
				CLANG_WARN_CONSTANT_CONVERSION = YES;
				CLANG_WARN_DIRECT_OBJC_ISA_USAGE = YES_ERROR;
				CLANG_WARN_DOCUMENTATION_COMMENTS = YES;
				CLANG_WARN_EMPTY_BODY = YES;
				CLANG_WARN_ENUM_CONVERSION = YES;
				CLANG_WARN_INFINITE_RECURSION = YES;
				CLANG_WARN_INT_CONVERSION = YES;
				CLANG_WARN_NON_LITERAL_NULL_CONVERSION = YES;
				CLANG_WARN_OBJC_LITERAL_CONVERSION = YES;
				CLANG_WARN_OBJC_ROOT_CLASS = YES_ERROR;
				CLANG_WARN_RANGE_LOOP_ANALYSIS = YES;
				CLANG_WARN_STRICT_PROTOTYPES = YES;
				CLANG_WARN_SUSPICIOUS_MOVE = YES;
				CLANG_WARN_UNGUARDED_AVAILABILITY = YES_AGGRESSIVE;
				CLANG_WARN_UNREACHABLE_CODE = YES;
				CLANG_WARN__DUPLICATE_METHOD_MATCH = YES;
				CODE_SIGN_IDENTITY = "iPhone Developer";
				COPY_PHASE_STRIP = NO;
				DEBUG_INFORMATION_FORMAT = "dwarf-with-dsym";
				ENABLE_NS_ASSERTIONS = NO;
				ENABLE_STRICT_OBJC_MSGSEND = YES;
				GCC_C_LANGUAGE_STANDARD = gnu11;
				GCC_NO_COMMON_BLOCKS = YES;
				GCC_WARN_64_TO_32_BIT_CONVERSION = YES;
				GCC_WARN_ABOUT_RETURN_TYPE = YES_ERROR;
				GCC_WARN_UNDECLARED_SELECTOR = YES;
				GCC_WARN_UNINITIALIZED_AUTOS = YES_AGGRESSIVE;
				GCC_WARN_UNUSED_FUNCTION = YES;
				GCC_WARN_UNUSED_VARIABLE = YES;
				IPHONEOS_DEPLOYMENT_TARGET = 11.2;
				MTL_ENABLE_DEBUG_INFO = NO;
				SDKROOT = iphoneos;
				SWIFT_OPTIMIZATION_LEVEL = "-Owholemodule";
				VALIDATE_PRODUCT = YES;
			};
			name = Release;
		};
		CFD05BDE20001A4A00CDF9C2 /* Debug */ = {
			isa = XCBuildConfiguration;
			buildSettings = {
				ASSETCATALOG_COMPILER_APPICON_NAME = AppIcon;
				CODE_SIGN_STYLE = Automatic;
				DEVELOPMENT_TEAM = SDRP58XW4X;
				FRAMEWORK_SEARCH_PATHS = (
					"$(inherited)",
					"$(PROJECT_DIR)/Carthage/Build/iOS",
				);
				INFOPLIST_FILE = Scryfall/Info.plist;
				IPHONEOS_DEPLOYMENT_TARGET = 11.0;
				LD_RUNPATH_SEARCH_PATHS = "$(inherited) @executable_path/Frameworks";
				PRODUCT_BUNDLE_IDENTIFIER = ru.aint.Scryfall;
				PRODUCT_NAME = "$(TARGET_NAME)";
				SWIFT_VERSION = 4.0;
				TARGETED_DEVICE_FAMILY = "1,2";
			};
			name = Debug;
		};
		CFD05BDF20001A4A00CDF9C2 /* Release */ = {
			isa = XCBuildConfiguration;
			buildSettings = {
				ASSETCATALOG_COMPILER_APPICON_NAME = AppIcon;
				CODE_SIGN_STYLE = Automatic;
				DEVELOPMENT_TEAM = SDRP58XW4X;
				FRAMEWORK_SEARCH_PATHS = (
					"$(inherited)",
					"$(PROJECT_DIR)/Carthage/Build/iOS",
				);
				INFOPLIST_FILE = Scryfall/Info.plist;
				IPHONEOS_DEPLOYMENT_TARGET = 11.0;
				LD_RUNPATH_SEARCH_PATHS = "$(inherited) @executable_path/Frameworks";
				PRODUCT_BUNDLE_IDENTIFIER = ru.aint.Scryfall;
				PRODUCT_NAME = "$(TARGET_NAME)";
				SWIFT_VERSION = 4.0;
				TARGETED_DEVICE_FAMILY = "1,2";
			};
			name = Release;
		};
		CFD05BE120001A4A00CDF9C2 /* Debug */ = {
			isa = XCBuildConfiguration;
			buildSettings = {
				ALWAYS_EMBED_SWIFT_STANDARD_LIBRARIES = YES;
				BUNDLE_LOADER = "$(TEST_HOST)";
				CODE_SIGN_STYLE = Automatic;
				DEVELOPMENT_TEAM = SDRP58XW4X;
				INFOPLIST_FILE = ScryfallTests/Info.plist;
				LD_RUNPATH_SEARCH_PATHS = "$(inherited) @executable_path/Frameworks @loader_path/Frameworks";
				PRODUCT_BUNDLE_IDENTIFIER = ru.aint.ScryfallTests;
				PRODUCT_NAME = "$(TARGET_NAME)";
				SWIFT_VERSION = 4.0;
				TARGETED_DEVICE_FAMILY = "1,2";
				TEST_HOST = "$(BUILT_PRODUCTS_DIR)/Scryfall.app/Scryfall";
			};
			name = Debug;
		};
		CFD05BE220001A4A00CDF9C2 /* Release */ = {
			isa = XCBuildConfiguration;
			buildSettings = {
				ALWAYS_EMBED_SWIFT_STANDARD_LIBRARIES = YES;
				BUNDLE_LOADER = "$(TEST_HOST)";
				CODE_SIGN_STYLE = Automatic;
				DEVELOPMENT_TEAM = SDRP58XW4X;
				INFOPLIST_FILE = ScryfallTests/Info.plist;
				LD_RUNPATH_SEARCH_PATHS = "$(inherited) @executable_path/Frameworks @loader_path/Frameworks";
				PRODUCT_BUNDLE_IDENTIFIER = ru.aint.ScryfallTests;
				PRODUCT_NAME = "$(TARGET_NAME)";
				SWIFT_VERSION = 4.0;
				TARGETED_DEVICE_FAMILY = "1,2";
				TEST_HOST = "$(BUILT_PRODUCTS_DIR)/Scryfall.app/Scryfall";
			};
			name = Release;
		};
/* End XCBuildConfiguration section */

/* Begin XCConfigurationList section */
		CFD05BBB20001A4A00CDF9C2 /* Build configuration list for PBXProject "Scryfall" */ = {
			isa = XCConfigurationList;
			buildConfigurations = (
				CFD05BDB20001A4A00CDF9C2 /* Debug */,
				CFD05BDC20001A4A00CDF9C2 /* Release */,
			);
			defaultConfigurationIsVisible = 0;
			defaultConfigurationName = Release;
		};
		CFD05BDD20001A4A00CDF9C2 /* Build configuration list for PBXNativeTarget "Scryfall" */ = {
			isa = XCConfigurationList;
			buildConfigurations = (
				CFD05BDE20001A4A00CDF9C2 /* Debug */,
				CFD05BDF20001A4A00CDF9C2 /* Release */,
			);
			defaultConfigurationIsVisible = 0;
			defaultConfigurationName = Release;
		};
		CFD05BE020001A4A00CDF9C2 /* Build configuration list for PBXNativeTarget "ScryfallTests" */ = {
			isa = XCConfigurationList;
			buildConfigurations = (
				CFD05BE120001A4A00CDF9C2 /* Debug */,
				CFD05BE220001A4A00CDF9C2 /* Release */,
			);
			defaultConfigurationIsVisible = 0;
			defaultConfigurationName = Release;
		};
/* End XCConfigurationList section */
	};
	rootObject = CFD05BB820001A4A00CDF9C2 /* Project object */;
}
